
Microsoft Visual Studio Solution File, Format Version 12.00
# Visual Studio 15
VisualStudioVersion = 15.0.26124.0
MinimumVisualStudioVersion = 15.0.26124.0
Project("{FAE04EC0-301F-11D3-BF4B-00C04F79EFBC}") = "GrpcGreeter", "GrpcGreeter\GrpcGreeter.csproj", "{447B09E3-6ABE-4E68-895B-BE1D2C1CD7B3}"
EndProject
Project("{FAE04EC0-301F-11D3-BF4B-00C04F79EFBC}") = "GrpcGreeterClient", "GrpcGreeterClient\GrpcGreeterClient.csproj", "{CB61CA6E-CE12-4876-857F-7D746F879891}"
EndProject
Project("{FAE04EC0-301F-11D3-BF4B-00C04F79EFBC}") = "GrpcTMRobotServiceClient", "GrpcTMRobotServiceClient\GrpcTMRobotServiceClient.csproj", "{4D27FDCC-405B-401D-87B6-016996C7D932}"
EndProject
Global
	GlobalSection(SolutionConfigurationPlatforms) = preSolution
		Debug|Any CPU = Debug|Any CPU
		Debug|x64 = Debug|x64
		Debug|x86 = Debug|x86
		Release|Any CPU = Release|Any CPU
		Release|x64 = Release|x64
		Release|x86 = Release|x86
	EndGlobalSection
	GlobalSection(SolutionProperties) = preSolution
		HideSolutionNode = FALSE
	EndGlobalSection
	GlobalSection(ProjectConfigurationPlatforms) = postSolution
		{447B09E3-6ABE-4E68-895B-BE1D2C1CD7B3}.Debug|Any CPU.ActiveCfg = Debug|Any CPU
		{447B09E3-6ABE-4E68-895B-BE1D2C1CD7B3}.Debug|Any CPU.Build.0 = Debug|Any CPU
		{447B09E3-6ABE-4E68-895B-BE1D2C1CD7B3}.Debug|x64.ActiveCfg = Debug|Any CPU
		{447B09E3-6ABE-4E68-895B-BE1D2C1CD7B3}.Debug|x64.Build.0 = Debug|Any CPU
		{447B09E3-6ABE-4E68-895B-BE1D2C1CD7B3}.Debug|x86.ActiveCfg = Debug|Any CPU
		{447B09E3-6ABE-4E68-895B-BE1D2C1CD7B3}.Debug|x86.Build.0 = Debug|Any CPU
		{447B09E3-6ABE-4E68-895B-BE1D2C1CD7B3}.Release|Any CPU.ActiveCfg = Release|Any CPU
		{447B09E3-6ABE-4E68-895B-BE1D2C1CD7B3}.Release|Any CPU.Build.0 = Release|Any CPU
		{447B09E3-6ABE-4E68-895B-BE1D2C1CD7B3}.Release|x64.ActiveCfg = Release|Any CPU
		{447B09E3-6ABE-4E68-895B-BE1D2C1CD7B3}.Release|x64.Build.0 = Release|Any CPU
		{447B09E3-6ABE-4E68-895B-BE1D2C1CD7B3}.Release|x86.ActiveCfg = Release|Any CPU
		{447B09E3-6ABE-4E68-895B-BE1D2C1CD7B3}.Release|x86.Build.0 = Release|Any CPU
		{CB61CA6E-CE12-4876-857F-7D746F879891}.Debug|Any CPU.ActiveCfg = Debug|Any CPU
		{CB61CA6E-CE12-4876-857F-7D746F879891}.Debug|Any CPU.Build.0 = Debug|Any CPU
		{CB61CA6E-CE12-4876-857F-7D746F879891}.Debug|x64.ActiveCfg = Debug|Any CPU
		{CB61CA6E-CE12-4876-857F-7D746F879891}.Debug|x64.Build.0 = Debug|Any CPU
		{CB61CA6E-CE12-4876-857F-7D746F879891}.Debug|x86.ActiveCfg = Debug|Any CPU
		{CB61CA6E-CE12-4876-857F-7D746F879891}.Debug|x86.Build.0 = Debug|Any CPU
		{CB61CA6E-CE12-4876-857F-7D746F879891}.Release|Any CPU.ActiveCfg = Release|Any CPU
		{CB61CA6E-CE12-4876-857F-7D746F879891}.Release|Any CPU.Build.0 = Release|Any CPU
		{CB61CA6E-CE12-4876-857F-7D746F879891}.Release|x64.ActiveCfg = Release|Any CPU
		{CB61CA6E-CE12-4876-857F-7D746F879891}.Release|x64.Build.0 = Release|Any CPU
		{CB61CA6E-CE12-4876-857F-7D746F879891}.Release|x86.ActiveCfg = Release|Any CPU
		{CB61CA6E-CE12-4876-857F-7D746F879891}.Release|x86.Build.0 = Release|Any CPU
		{4D27FDCC-405B-401D-87B6-016996C7D932}.Debug|Any CPU.ActiveCfg = Debug|Any CPU
		{4D27FDCC-405B-401D-87B6-016996C7D932}.Debug|Any CPU.Build.0 = Debug|Any CPU
		{4D27FDCC-405B-401D-87B6-016996C7D932}.Debug|x64.ActiveCfg = Debug|Any CPU
		{4D27FDCC-405B-401D-87B6-016996C7D932}.Debug|x64.Build.0 = Debug|Any CPU
		{4D27FDCC-405B-401D-87B6-016996C7D932}.Debug|x86.ActiveCfg = Debug|Any CPU
		{4D27FDCC-405B-401D-87B6-016996C7D932}.Debug|x86.Build.0 = Debug|Any CPU
		{4D27FDCC-405B-401D-87B6-016996C7D932}.Release|Any CPU.ActiveCfg = Release|Any CPU
		{4D27FDCC-405B-401D-87B6-016996C7D932}.Release|Any CPU.Build.0 = Release|Any CPU
		{4D27FDCC-405B-401D-87B6-016996C7D932}.Release|x64.ActiveCfg = Release|Any CPU
		{4D27FDCC-405B-401D-87B6-016996C7D932}.Release|x64.Build.0 = Release|Any CPU
		{4D27FDCC-405B-401D-87B6-016996C7D932}.Release|x86.ActiveCfg = Release|Any CPU
		{4D27FDCC-405B-401D-87B6-016996C7D932}.Release|x86.Build.0 = Release|Any CPU
	EndGlobalSection
EndGlobal
